{
  "name": "asistencias2024",
  "lockfileVersion": 2,
  "requires": true,
  "packages": {
    "": {
      "dependencies": {
        "bootstrap": "^5.3.3",
        "datatables.net": "^2.0.5",
        "datatables.net-bs5": "^2.0.5",
        "datatables.net-responsive-dt": "^3.0.2",
        "datatables.net-rowreorder-dt": "^1.5.0"
      }
    },
    "node_modules/@popperjs/core": {
      "version": "2.11.8",
      "resolved": "https://registry.npmjs.org/@popperjs/core/-/core-2.11.8.tgz",
      "integrity": "sha512-P1st0aksCrn9sGZhp8GMYwBnQsbvAWsZAX44oXNNvLHGqAOcoVxmjZiohstwQ7SqKnbR47akdNi+uleWD8+g6A==",
      "peer": true,
      "funding": {
        "type": "opencollective",
        "url": "https://opencollective.com/popperjs"
      }
    },
    "node_modules/bootstrap": {
      "version": "5.3.3",
      "resolved": "https://registry.npmjs.org/bootstrap/-/bootstrap-5.3.3.tgz",
      "integrity": "sha512-8HLCdWgyoMguSO9o+aH+iuZ+aht+mzW0u3HIMzVu7Srrpv7EBBxTnrFlSCskwdY1+EOFQSm7uMJhNQHkdPcmjg==",
      "funding": [
        {
          "type": "github",
          "url": "https://github.com/sponsors/twbs"
        },
        {
          "type": "opencollective",
          "url": "https://opencollective.com/bootstrap"
        }
      ],
      "peerDependencies": {
        "@popperjs/core": "^2.11.8"
      }
    },
    "node_modules/datatables.net": {
      "version": "2.0.5",
      "resolved": "https://registry.npmjs.org/datatables.net/-/datatables.net-2.0.5.tgz",
      "integrity": "sha512-Eu7z0ErFyr44hopfLQ7kyIWRdfqH2zFG93aHcnGKGrt/ICWXUsLrjUwghuN5b1pktnKzXCFYsl6Ad9WypiSNeA==",
      "dependencies": {
        "jquery": ">=1.7"
      }
    },
    "node_modules/datatables.net-bs5": {
      "version": "2.0.5",
      "resolved": "https://registry.npmjs.org/datatables.net-bs5/-/datatables.net-bs5-2.0.5.tgz",
      "integrity": "sha512-Etuw3aDHE+A91m/2XLhEUdn47LxzNbSYN/pMdkhBo8B6bfKnkH5lwR+aUSUpFTFrtadulcClwYmjrx45NqPfVw==",
      "dependencies": {
        "datatables.net": "2.0.5",
        "jquery": ">=1.7"
      }
    },
    "node_modules/datatables.net-dt": {
      "version": "2.0.6",
      "resolved": "https://registry.npmjs.org/datatables.net-dt/-/datatables.net-dt-2.0.6.tgz",
      "integrity": "sha512-vhTW0PQac1KSs4SjItMDi11meLIW7tWCLO/NP9EkNqVbqvOHkLNOOjFFYclzVOkA9nXPdiUk4svK7Bx5w9JFVw==",
      "dependencies": {
        "datatables.net": "2.0.6",
        "jquery": ">=1.7"
      }
    },
    "node_modules/datatables.net-dt/node_modules/datatables.net": {
      "version": "2.0.6",
      "resolved": "https://registry.npmjs.org/datatables.net/-/datatables.net-2.0.6.tgz",
      "integrity": "sha512-p9hJAwBZ2svrL8sbJPsy58ERsRHOL6+eshvfYHmqV2AGgtR/2GUzFQjPlCGXcUOoXlOhymMk2g4FSJluvlqGyg==",
      "dependencies": {
        "jquery": ">=1.7"
      }
    },
    "node_modules/datatables.net-responsive": {
      "version": "3.0.2",
      "resolved": "https://registry.npmjs.org/datatables.net-responsive/-/datatables.net-responsive-3.0.2.tgz",
      "integrity": "sha512-OVsrTfcYvT8YtnOeCef51veKc+DABVPWOypvID+xFzCgyBDCIgcauTk+H5zItOscXw/CwSIbGN9zD6Sxa7lZPA==",
      "dependencies": {
        "datatables.net": "^2",
        "jquery": ">=1.7"
      }
    },
    "node_modules/datatables.net-responsive-dt": {
      "version": "3.0.2",
      "resolved": "https://registry.npmjs.org/datatables.net-responsive-dt/-/datatables.net-responsive-dt-3.0.2.tgz",
      "integrity": "sha512-wxqs/rCVDlIwKXrSy8AG0E5pPvlJBy37xLUt1rc+59qFNY7hDrhSEZXuDgQZmQl2IVRG7ED853dc6OBl3bjwZg==",
      "dependencies": {
        "datatables.net-dt": "^2",
        "datatables.net-responsive": "3.0.2",
        "jquery": ">=1.7"
      }
    },
    "node_modules/datatables.net-rowreorder": {
      "version": "1.5.0",
      "resolved": "https://registry.npmjs.org/datatables.net-rowreorder/-/datatables.net-rowreorder-1.5.0.tgz",
      "integrity": "sha512-Kkq57tdJHrUCYkS8vywhL5tqKtl2q3K3p8A6wkIdwMX2b8YVjtywhQbXvvVLZnlMQsdX194FXVK1AgAwcm4hFg==",
      "dependencies": {
        "datatables.net": ">=1.11.0",
        "jquery": ">=1.7"
      }
    },
    "node_modules/datatables.net-rowreorder-dt": {
      "version": "1.5.0",
      "resolved": "https://registry.npmjs.org/datatables.net-rowreorder-dt/-/datatables.net-rowreorder-dt-1.5.0.tgz",
      "integrity": "sha512-CE2pvJunCgc3HAIHQAlZ3OB6u4y7ytFHjeArvZdLrFkUmx+HcJY+GdXrH+lbuuV6rYGsjb9MHop4cZn8KYRJWA==",
      "dependencies": {
        "datatables.net-dt": ">=1.11.0",
        "datatables.net-rowreorder": "1.5.0",
        "jquery": ">=1.7"
      }
    },
    "node_modules/jquery": {
      "version": "3.7.1",
      "resolved": "https://registry.npmjs.org/jquery/-/jquery-3.7.1.tgz",
      "integrity": "sha512-m4avr8yL8kmFN8psrbFFFmB/If14iN5o9nw/NgnnM+kybDJpRsAynV2BsfpTYrTRysYUdADVD7CkUUizgkpLfg=="
    }
  },
  "dependencies": {
    "@popperjs/core": {
      "version": "2.11.8",
      "resolved": "https://registry.npmjs.org/@popperjs/core/-/core-2.11.8.tgz",
      "integrity": "sha512-P1st0aksCrn9sGZhp8GMYwBnQsbvAWsZAX44oXNNvLHGqAOcoVxmjZiohstwQ7SqKnbR47akdNi+uleWD8+g6A==",
      "peer": true
    },
    "bootstrap": {
      "version": "5.3.3",
      "resolved": "https://registry.npmjs.org/bootstrap/-/bootstrap-5.3.3.tgz",
      "integrity": "sha512-8HLCdWgyoMguSO9o+aH+iuZ+aht+mzW0u3HIMzVu7Srrpv7EBBxTnrFlSCskwdY1+EOFQSm7uMJhNQHkdPcmjg==",
      "requires": {}
    },
    "datatables.net": {
      "version": "2.0.5",
      "resolved": "https://registry.npmjs.org/datatables.net/-/datatables.net-2.0.5.tgz",
      "integrity": "sha512-Eu7z0ErFyr44hopfLQ7kyIWRdfqH2zFG93aHcnGKGrt/ICWXUsLrjUwghuN5b1pktnKzXCFYsl6Ad9WypiSNeA==",
      "requires": {
        "jquery": ">=1.7"
      }
    },
    "datatables.net-bs5": {
      "version": "2.0.5",
      "resolved": "https://registry.npmjs.org/datatables.net-bs5/-/datatables.net-bs5-2.0.5.tgz",
      "integrity": "sha512-Etuw3aDHE+A91m/2XLhEUdn47LxzNbSYN/pMdkhBo8B6bfKnkH5lwR+aUSUpFTFrtadulcClwYmjrx45NqPfVw==",
      "requires": {
        "datatables.net": "2.0.5",
        "jquery": ">=1.7"
      }
    },
    "datatables.net-dt": {
      "version": "2.0.6",
      "resolved": "https://registry.npmjs.org/datatables.net-dt/-/datatables.net-dt-2.0.6.tgz",
      "integrity": "sha512-vhTW0PQac1KSs4SjItMDi11meLIW7tWCLO/NP9EkNqVbqvOHkLNOOjFFYclzVOkA9nXPdiUk4svK7Bx5w9JFVw==",
      "requires": {
        "datatables.net": "2.0.6",
        "jquery": ">=1.7"
      },
      "dependencies": {
        "datatables.net": {
          "version": "2.0.6",
          "resolved": "https://registry.npmjs.org/datatables.net/-/datatables.net-2.0.6.tgz",
          "integrity": "sha512-p9hJAwBZ2svrL8sbJPsy58ERsRHOL6+eshvfYHmqV2AGgtR/2GUzFQjPlCGXcUOoXlOhymMk2g4FSJluvlqGyg==",
          "requires": {
            "jquery": ">=1.7"
          }
        }
      }
    },
    "datatables.net-responsive": {
      "version": "3.0.2",
      "resolved": "https://registry.npmjs.org/datatables.net-responsive/-/datatables.net-responsive-3.0.2.tgz",
      "integrity": "sha512-OVsrTfcYvT8YtnOeCef51veKc+DABVPWOypvID+xFzCgyBDCIgcauTk+H5zItOscXw/CwSIbGN9zD6Sxa7lZPA==",
      "requires": {
        "datatables.net": "^2",
        "jquery": ">=1.7"
      }
    },
    "datatables.net-responsive-dt": {
      "version": "3.0.2",
      "resolved": "https://registry.npmjs.org/datatables.net-responsive-dt/-/datatables.net-responsive-dt-3.0.2.tgz",
      "integrity": "sha512-wxqs/rCVDlIwKXrSy8AG0E5pPvlJBy37xLUt1rc+59qFNY7hDrhSEZXuDgQZmQl2IVRG7ED853dc6OBl3bjwZg==",
      "requires": {
        "datatables.net-dt": "^2",
        "datatables.net-responsive": "3.0.2",
        "jquery": ">=1.7"
      }
    },
    "datatables.net-rowreorder": {
      "version": "1.5.0",
      "resolved": "https://registry.npmjs.org/datatables.net-rowreorder/-/datatables.net-rowreorder-1.5.0.tgz",
      "integrity": "sha512-Kkq57tdJHrUCYkS8vywhL5tqKtl2q3K3p8A6wkIdwMX2b8YVjtywhQbXvvVLZnlMQsdX194FXVK1AgAwcm4hFg==",
      "requires": {
        "datatables.net": ">=1.11.0",
        "jquery": ">=1.7"
      }
    },
    "datatables.net-rowreorder-dt": {
      "version": "1.5.0",
      "resolved": "https://registry.npmjs.org/datatables.net-rowreorder-dt/-/datatables.net-rowreorder-dt-1.5.0.tgz",
      "integrity": "sha512-CE2pvJunCgc3HAIHQAlZ3OB6u4y7ytFHjeArvZdLrFkUmx+HcJY+GdXrH+lbuuV6rYGsjb9MHop4cZn8KYRJWA==",
      "requires": {
        "datatables.net-dt": ">=1.11.0",
        "datatables.net-rowreorder": "1.5.0",
        "jquery": ">=1.7"
      }
    },
    "jquery": {
      "version": "3.7.1",
      "resolved": "https://registry.npmjs.org/jquery/-/jquery-3.7.1.tgz",
      "integrity": "sha512-m4avr8yL8kmFN8psrbFFFmB/If14iN5o9nw/NgnnM+kybDJpRsAynV2BsfpTYrTRysYUdADVD7CkUUizgkpLfg=="
    }
  }
}
